// !$*UTF8*$!
{
	archiveVersion = 1;
	classes = {
	};
	objectVersion = 56;
	objects = {

/* Begin PBXBuildFile section */
		4F625EFE2AB0C0F9007E946B /* BundleExtension.swift in Sources */ = {isa = PBXBuildFile; fileRef = 4F625EFD2AB0C0F9007E946B /* BundleExtension.swift */; };
		4F752BC82A9F57B60060139A /* Assets.xcassets in Resources */ = {isa = PBXBuildFile; fileRef = 4F752BC52A9F57B60060139A /* Assets.xcassets */; };
		4F752BC92A9F57B60060139A /* CodeScanner.swift in Sources */ = {isa = PBXBuildFile; fileRef = 4F752BC62A9F57B60060139A /* CodeScanner.swift */; };
		4F752BCA2A9F57B60060139A /* ScannerViewController.swift in Sources */ = {isa = PBXBuildFile; fileRef = 4F752BC72A9F57B60060139A /* ScannerViewController.swift */; };
		4FCC1A5C2A91111A00DB57A8 /* Loyalty_AppApp.swift in Sources */ = {isa = PBXBuildFile; fileRef = 4FCC1A5B2A91111A00DB57A8 /* Loyalty_AppApp.swift */; };
		4FCC1A5E2A91111A00DB57A8 /* MainMenuView.swift in Sources */ = {isa = PBXBuildFile; fileRef = 4FCC1A5D2A91111A00DB57A8 /* MainMenuView.swift */; };
		4FCC1A602A91111C00DB57A8 /* Assets.xcassets in Resources */ = {isa = PBXBuildFile; fileRef = 4FCC1A5F2A91111C00DB57A8 /* Assets.xcassets */; };
		4FCC1A632A91111C00DB57A8 /* Preview Assets.xcassets in Resources */ = {isa = PBXBuildFile; fileRef = 4FCC1A622A91111C00DB57A8 /* Preview Assets.xcassets */; };
		4FCC1A6A2A937C1600DB57A8 /* Stamp.swift in Sources */ = {isa = PBXBuildFile; fileRef = 4FCC1A692A937C1600DB57A8 /* Stamp.swift */; };
		4FCC1A6C2A937F1200DB57A8 /* StampCard.swift in Sources */ = {isa = PBXBuildFile; fileRef = 4FCC1A6B2A937F1200DB57A8 /* StampCard.swift */; };
		4FCC1A6E2A93991F00DB57A8 /* AddStampView.swift in Sources */ = {isa = PBXBuildFile; fileRef = 4FCC1A6D2A93991F00DB57A8 /* AddStampView.swift */; };
		4FCC1A702A93A16600DB57A8 /* RedeemCardView.swift in Sources */ = {isa = PBXBuildFile; fileRef = 4FCC1A6F2A93A16600DB57A8 /* RedeemCardView.swift */; };
		4FCC1A722A93AA5000DB57A8 /* CameraView.swift in Sources */ = {isa = PBXBuildFile; fileRef = 4FCC1A712A93AA5000DB57A8 /* CameraView.swift */; };
		4FCC1A762A9638EC00DB57A8 /* Wallet.swift in Sources */ = {isa = PBXBuildFile; fileRef = 4FCC1A752A9638EC00DB57A8 /* Wallet.swift */; };
		4FCC1A782A97884200DB57A8 /* WalletView.swift in Sources */ = {isa = PBXBuildFile; fileRef = 4FCC1A772A97884200DB57A8 /* WalletView.swift */; };
/* End PBXBuildFile section */

/* Begin PBXFileReference section */
		4F625EFD2AB0C0F9007E946B /* BundleExtension.swift */ = {isa = PBXFileReference; lastKnownFileType = sourcecode.swift; path = BundleExtension.swift; sourceTree = SOURCE_ROOT; };
		4F752BC52A9F57B60060139A /* Assets.xcassets */ = {isa = PBXFileReference; lastKnownFileType = folder.assetcatalog; path = Assets.xcassets; sourceTree = "<group>"; };
		4F752BC62A9F57B60060139A /* CodeScanner.swift */ = {isa = PBXFileReference; fileEncoding = 4; lastKnownFileType = sourcecode.swift; path = CodeScanner.swift; sourceTree = "<group>"; };
		4F752BC72A9F57B60060139A /* ScannerViewController.swift */ = {isa = PBXFileReference; fileEncoding = 4; lastKnownFileType = sourcecode.swift; path = ScannerViewController.swift; sourceTree = "<group>"; };
		4FCC1A582A91111A00DB57A8 /* Loyalty App.app */ = {isa = PBXFileReference; explicitFileType = wrapper.application; includeInIndex = 0; path = "Loyalty App.app"; sourceTree = BUILT_PRODUCTS_DIR; };
		4FCC1A5B2A91111A00DB57A8 /* Loyalty_AppApp.swift */ = {isa = PBXFileReference; lastKnownFileType = sourcecode.swift; path = Loyalty_AppApp.swift; sourceTree = "<group>"; };
		4FCC1A5D2A91111A00DB57A8 /* MainMenuView.swift */ = {isa = PBXFileReference; lastKnownFileType = sourcecode.swift; path = MainMenuView.swift; sourceTree = "<group>"; };
		4FCC1A5F2A91111C00DB57A8 /* Assets.xcassets */ = {isa = PBXFileReference; lastKnownFileType = folder.assetcatalog; path = Assets.xcassets; sourceTree = "<group>"; };
		4FCC1A622A91111C00DB57A8 /* Preview Assets.xcassets */ = {isa = PBXFileReference; lastKnownFileType = folder.assetcatalog; path = "Preview Assets.xcassets"; sourceTree = "<group>"; };
		4FCC1A692A937C1600DB57A8 /* Stamp.swift */ = {isa = PBXFileReference; lastKnownFileType = sourcecode.swift; path = Stamp.swift; sourceTree = "<group>"; };
		4FCC1A6B2A937F1200DB57A8 /* StampCard.swift */ = {isa = PBXFileReference; lastKnownFileType = sourcecode.swift; path = StampCard.swift; sourceTree = "<group>"; };
		4FCC1A6D2A93991F00DB57A8 /* AddStampView.swift */ = {isa = PBXFileReference; lastKnownFileType = sourcecode.swift; path = AddStampView.swift; sourceTree = "<group>"; };
		4FCC1A6F2A93A16600DB57A8 /* RedeemCardView.swift */ = {isa = PBXFileReference; lastKnownFileType = sourcecode.swift; path = RedeemCardView.swift; sourceTree = "<group>"; };
		4FCC1A712A93AA5000DB57A8 /* CameraView.swift */ = {isa = PBXFileReference; lastKnownFileType = sourcecode.swift; path = CameraView.swift; sourceTree = "<group>"; };
		4FCC1A752A9638EC00DB57A8 /* Wallet.swift */ = {isa = PBXFileReference; lastKnownFileType = sourcecode.swift; path = Wallet.swift; sourceTree = "<group>"; };
		4FCC1A772A97884200DB57A8 /* WalletView.swift */ = {isa = PBXFileReference; lastKnownFileType = sourcecode.swift; path = WalletView.swift; sourceTree = "<group>"; };
/* End PBXFileReference section */

/* Begin PBXFrameworksBuildPhase section */
		4FCC1A552A91111A00DB57A8 /* Frameworks */ = {
			isa = PBXFrameworksBuildPhase;
			buildActionMask = 2147483647;
			files = (
			);
			runOnlyForDeploymentPostprocessing = 0;
		};
/* End PBXFrameworksBuildPhase section */

/* Begin PBXGroup section */
		4F752BC32A9F57B60060139A /* CodeScanner */ = {
			isa = PBXGroup;
			children = (
				4F752BC42A9F57B60060139A /* Resources */,
				4F752BC62A9F57B60060139A /* CodeScanner.swift */,
				4F752BC72A9F57B60060139A /* ScannerViewController.swift */,
			);
			path = CodeScanner;
			sourceTree = "<group>";
		};
		4F752BC42A9F57B60060139A /* Resources */ = {
			isa = PBXGroup;
			children = (
				4F752BC52A9F57B60060139A /* Assets.xcassets */,
			);
			path = Resources;
			sourceTree = "<group>";
		};
		4FCC1A4F2A91111A00DB57A8 = {
			isa = PBXGroup;
			children = (
				4FCC1A5A2A91111A00DB57A8 /* Loyalty App */,
				4FCC1A592A91111A00DB57A8 /* Products */,
			);
			sourceTree = "<group>";
		};
		4FCC1A592A91111A00DB57A8 /* Products */ = {
			isa = PBXGroup;
			children = (
				4FCC1A582A91111A00DB57A8 /* Loyalty App.app */,
			);
			name = Products;
			sourceTree = "<group>";
		};
		4FCC1A5A2A91111A00DB57A8 /* Loyalty App */ = {
			isa = PBXGroup;
			children = (
				4F625EFD2AB0C0F9007E946B /* BundleExtension.swift */,
				4FCC1A6D2A93991F00DB57A8 /* AddStampView.swift */,
				4FCC1A5B2A91111A00DB57A8 /* Loyalty_AppApp.swift */,
				4FCC1A5D2A91111A00DB57A8 /* MainMenuView.swift */,
				4FCC1A712A93AA5000DB57A8 /* CameraView.swift */,
				4FCC1A6F2A93A16600DB57A8 /* RedeemCardView.swift */,
				4FCC1A692A937C1600DB57A8 /* Stamp.swift */,
				4FCC1A6B2A937F1200DB57A8 /* StampCard.swift */,
				4FCC1A752A9638EC00DB57A8 /* Wallet.swift */,
				4FCC1A772A97884200DB57A8 /* WalletView.swift */,
				4FCC1A5F2A91111C00DB57A8 /* Assets.xcassets */,
				4F752BC32A9F57B60060139A /* CodeScanner */,
				4FCC1A612A91111C00DB57A8 /* Preview Content */,
			);
			path = "Loyalty App";
			sourceTree = "<group>";
		};
		4FCC1A612A91111C00DB57A8 /* Preview Content */ = {
			isa = PBXGroup;
			children = (
				4FCC1A622A91111C00DB57A8 /* Preview Assets.xcassets */,
			);
			path = "Preview Content";
			sourceTree = "<group>";
		};
/* End PBXGroup section */

/* Begin PBXNativeTarget section */
		4FCC1A572A91111A00DB57A8 /* Loyalty App */ = {
			isa = PBXNativeTarget;
			buildConfigurationList = 4FCC1A662A91111C00DB57A8 /* Build configuration list for PBXNativeTarget "Loyalty App" */;
			buildPhases = (
				4FCC1A542A91111A00DB57A8 /* Sources */,
				4FCC1A552A91111A00DB57A8 /* Frameworks */,
				4FCC1A562A91111A00DB57A8 /* Resources */,
			);
			buildRules = (
			);
			dependencies = (
			);
			name = "Loyalty App";
			productName = "Loyalty App";
			productReference = 4FCC1A582A91111A00DB57A8 /* Loyalty App.app */;
			productType = "com.apple.product-type.application";
		};
/* End PBXNativeTarget section */

/* Begin PBXProject section */
		4FCC1A502A91111A00DB57A8 /* Project object */ = {
			isa = PBXProject;
			attributes = {
				BuildIndependentTargetsInParallel = 1;
				LastSwiftUpdateCheck = 1430;
				LastUpgradeCheck = 1500;
				TargetAttributes = {
					4FCC1A572A91111A00DB57A8 = {
						CreatedOnToolsVersion = 14.3.1;
					};
				};
			};
			buildConfigurationList = 4FCC1A532A91111A00DB57A8 /* Build configuration list for PBXProject "Loyalty App" */;
			compatibilityVersion = "Xcode 14.0";
			developmentRegion = en;
			hasScannedForEncodings = 0;
			knownRegions = (
				en,
				Base,
			);
			mainGroup = 4FCC1A4F2A91111A00DB57A8;
			productRefGroup = 4FCC1A592A91111A00DB57A8 /* Products */;
			projectDirPath = "";
			projectRoot = "";
			targets = (
				4FCC1A572A91111A00DB57A8 /* Loyalty App */,
			);
		};
/* End PBXProject section */

/* Begin PBXResourcesBuildPhase section */
		4FCC1A562A91111A00DB57A8 /* Resources */ = {
			isa = PBXResourcesBuildPhase;
			buildActionMask = 2147483647;
			files = (
				4FCC1A632A91111C00DB57A8 /* Preview Assets.xcassets in Resources */,
				4F752BC82A9F57B60060139A /* Assets.xcassets in Resources */,
				4FCC1A602A91111C00DB57A8 /* Assets.xcassets in Resources */,
			);
			runOnlyForDeploymentPostprocessing = 0;
		};
/* End PBXResourcesBuildPhase section */

/* Begin PBXSourcesBuildPhase section */
		4FCC1A542A91111A00DB57A8 /* Sources */ = {
			isa = PBXSourcesBuildPhase;
			buildActionMask = 2147483647;
			files = (
				4FCC1A5E2A91111A00DB57A8 /* MainMenuView.swift in Sources */,
				4FCC1A6E2A93991F00DB57A8 /* AddStampView.swift in Sources */,
				4FCC1A782A97884200DB57A8 /* WalletView.swift in Sources */,
				4FCC1A722A93AA5000DB57A8 /* CameraView.swift in Sources */,
				4FCC1A762A9638EC00DB57A8 /* Wallet.swift in Sources */,
				4F752BC92A9F57B60060139A /* CodeScanner.swift in Sources */,
				4FCC1A6A2A937C1600DB57A8 /* Stamp.swift in Sources */,
				4FCC1A5C2A91111A00DB57A8 /* Loyalty_AppApp.swift in Sources */,
				4FCC1A6C2A937F1200DB57A8 /* StampCard.swift in Sources */,
				4FCC1A702A93A16600DB57A8 /* RedeemCardView.swift in Sources */,
				4F752BCA2A9F57B60060139A /* ScannerViewController.swift in Sources */,
				4F625EFE2AB0C0F9007E946B /* BundleExtension.swift in Sources */,
			);
			runOnlyForDeploymentPostprocessing = 0;
		};
/* End PBXSourcesBuildPhase section */

/* Begin XCBuildConfiguration section */
		4FCC1A642A91111C00DB57A8 /* Debug */ = {
			isa = XCBuildConfiguration;
			buildSettings = {
				ALWAYS_SEARCH_USER_PATHS = NO;
				ASSETCATALOG_COMPILER_GENERATE_SWIFT_ASSET_SYMBOL_EXTENSIONS = YES;
				CLANG_ANALYZER_NONNULL = YES;
				CLANG_ANALYZER_NUMBER_OBJECT_CONVERSION = YES_AGGRESSIVE;
				CLANG_CXX_LANGUAGE_STANDARD = "gnu++20";
				CLANG_ENABLE_MODULES = YES;
				CLANG_ENABLE_OBJC_ARC = YES;
				CLANG_ENABLE_OBJC_WEAK = YES;
				CLANG_WARN_BLOCK_CAPTURE_AUTORELEASING = YES;
				CLANG_WARN_BOOL_CONVERSION = YES;
				CLANG_WARN_COMMA = YES;
				CLANG_WARN_CONSTANT_CONVERSION = YES;
				CLANG_WARN_DEPRECATED_OBJC_IMPLEMENTATIONS = YES;
				CLANG_WARN_DIRECT_OBJC_ISA_USAGE = YES_ERROR;
				CLANG_WARN_DOCUMENTATION_COMMENTS = YES;
				CLANG_WARN_EMPTY_BODY = YES;
				CLANG_WARN_ENUM_CONVERSION = YES;
				CLANG_WARN_INFINITE_RECURSION = YES;
				CLANG_WARN_INT_CONVERSION = YES;
				CLANG_WARN_NON_LITERAL_NULL_CONVERSION = YES;
				CLANG_WARN_OBJC_IMPLICIT_RETAIN_SELF = YES;
				CLANG_WARN_OBJC_LITERAL_CONVERSION = YES;
				CLANG_WARN_OBJC_ROOT_CLASS = YES_ERROR;
				CLANG_WARN_QUOTED_INCLUDE_IN_FRAMEWORK_HEADER = YES;
				CLANG_WARN_RANGE_LOOP_ANALYSIS = YES;
				CLANG_WARN_STRICT_PROTOTYPES = YES;
				CLANG_WARN_SUSPICIOUS_MOVE = YES;
				CLANG_WARN_UNGUARDED_AVAILABILITY = YES_AGGRESSIVE;
				CLANG_WARN_UNREACHABLE_CODE = YES;
				CLANG_WARN__DUPLICATE_METHOD_MATCH = YES;
				COPY_PHASE_STRIP = NO;
				DEBUG_INFORMATION_FORMAT = dwarf;
				ENABLE_STRICT_OBJC_MSGSEND = YES;
				ENABLE_TESTABILITY = YES;
				ENABLE_USER_SCRIPT_SANDBOXING = YES;
				GCC_C_LANGUAGE_STANDARD = gnu11;
				GCC_DYNAMIC_NO_PIC = NO;
				GCC_NO_COMMON_BLOCKS = YES;
				GCC_OPTIMIZATION_LEVEL = 0;
				GCC_PREPROCESSOR_DEFINITIONS = (
					"DEBUG=1",
					"$(inherited)",
				);
				GCC_WARN_64_TO_32_BIT_CONVERSION = YES;
				GCC_WARN_ABOUT_RETURN_TYPE = YES_ERROR;
				GCC_WARN_UNDECLARED_SELECTOR = YES;
				GCC_WARN_UNINITIALIZED_AUTOS = YES_AGGRESSIVE;
				GCC_WARN_UNUSED_FUNCTION = YES;
				GCC_WARN_UNUSED_VARIABLE = YES;
				IPHONEOS_DEPLOYMENT_TARGET = 16.4;
				MTL_ENABLE_DEBUG_INFO = INCLUDE_SOURCE;
				MTL_FAST_MATH = YES;
				ONLY_ACTIVE_ARCH = YES;
				SDKROOT = iphoneos;
				SWIFT_ACTIVE_COMPILATION_CONDITIONS = DEBUG;
				SWIFT_OPTIMIZATION_LEVEL = "-Onone";
			};
			name = Debug;
		};
		4FCC1A652A91111C00DB57A8 /* Release */ = {
			isa = XCBuildConfiguration;
			buildSettings = {
				ALWAYS_SEARCH_USER_PATHS = NO;
				ASSETCATALOG_COMPILER_GENERATE_SWIFT_ASSET_SYMBOL_EXTENSIONS = YES;
				CLANG_ANALYZER_NONNULL = YES;
				CLANG_ANALYZER_NUMBER_OBJECT_CONVERSION = YES_AGGRESSIVE;
				CLANG_CXX_LANGUAGE_STANDARD = "gnu++20";
				CLANG_ENABLE_MODULES = YES;
				CLANG_ENABLE_OBJC_ARC = YES;
				CLANG_ENABLE_OBJC_WEAK = YES;
				CLANG_WARN_BLOCK_CAPTURE_AUTORELEASING = YES;
				CLANG_WARN_BOOL_CONVERSION = YES;
				CLANG_WARN_COMMA = YES;
				CLANG_WARN_CONSTANT_CONVERSION = YES;
				CLANG_WARN_DEPRECATED_OBJC_IMPLEMENTATIONS = YES;
				CLANG_WARN_DIRECT_OBJC_ISA_USAGE = YES_ERROR;
				CLANG_WARN_DOCUMENTATION_COMMENTS = YES;
				CLANG_WARN_EMPTY_BODY = YES;
				CLANG_WARN_ENUM_CONVERSION = YES;
				CLANG_WARN_INFINITE_RECURSION = YES;
				CLANG_WARN_INT_CONVERSION = YES;
				CLANG_WARN_NON_LITERAL_NULL_CONVERSION = YES;
				CLANG_WARN_OBJC_IMPLICIT_RETAIN_SELF = YES;
				CLANG_WARN_OBJC_LITERAL_CONVERSION = YES;
				CLANG_WARN_OBJC_ROOT_CLASS = YES_ERROR;
				CLANG_WARN_QUOTED_INCLUDE_IN_FRAMEWORK_HEADER = YES;
				CLANG_WARN_RANGE_LOOP_ANALYSIS = YES;
				CLANG_WARN_STRICT_PROTOTYPES = YES;
				CLANG_WARN_SUSPICIOUS_MOVE = YES;
				CLANG_WARN_UNGUARDED_AVAILABILITY = YES_AGGRESSIVE;
				CLANG_WARN_UNREACHABLE_CODE = YES;
				CLANG_WARN__DUPLICATE_METHOD_MATCH = YES;
				COPY_PHASE_STRIP = NO;
				DEBUG_INFORMATION_FORMAT = "dwarf-with-dsym";
				ENABLE_NS_ASSERTIONS = NO;
				ENABLE_STRICT_OBJC_MSGSEND = YES;
				ENABLE_USER_SCRIPT_SANDBOXING = YES;
				GCC_C_LANGUAGE_STANDARD = gnu11;
				GCC_NO_COMMON_BLOCKS = YES;
				GCC_WARN_64_TO_32_BIT_CONVERSION = YES;
				GCC_WARN_ABOUT_RETURN_TYPE = YES_ERROR;
				GCC_WARN_UNDECLARED_SELECTOR = YES;
				GCC_WARN_UNINITIALIZED_AUTOS = YES_AGGRESSIVE;
				GCC_WARN_UNUSED_FUNCTION = YES;
				GCC_WARN_UNUSED_VARIABLE = YES;
				IPHONEOS_DEPLOYMENT_TARGET = 16.4;
				MTL_ENABLE_DEBUG_INFO = NO;
				MTL_FAST_MATH = YES;
				SDKROOT = iphoneos;
				SWIFT_COMPILATION_MODE = wholemodule;
				SWIFT_OPTIMIZATION_LEVEL = "-O";
				VALIDATE_PRODUCT = YES;
			};
			name = Release;
		};
		4FCC1A672A91111C00DB57A8 /* Debug */ = {
			isa = XCBuildConfiguration;
			buildSettings = {
				ASSETCATALOG_COMPILER_APPICON_NAME = AppIcon;
				ASSETCATALOG_COMPILER_GLOBAL_ACCENT_COLOR_NAME = AccentColor;
				CODE_SIGN_STYLE = Automatic;
				CURRENT_PROJECT_VERSION = 1;
				DEVELOPMENT_ASSET_PATHS = "\"Loyalty App/Preview Content\"";
				DEVELOPMENT_TEAM = BQ55AJ4968;
				ENABLE_PREVIEWS = YES;
				GENERATE_INFOPLIST_FILE = YES;
				INFOPLIST_KEY_LSApplicationCategoryType = "public.app-category.food-and-drink";
				INFOPLIST_KEY_NSCameraUsageDescription = "Camera needed to scan QR codes to add stamps and redeem free drinks";
				INFOPLIST_KEY_UIApplicationSceneManifest_Generation = YES;
				INFOPLIST_KEY_UIApplicationSupportsIndirectInputEvents = YES;
				INFOPLIST_KEY_UILaunchScreen_Generation = YES;
				INFOPLIST_KEY_UISupportedInterfaceOrientations = "UIInterfaceOrientationLandscapeLeft UIInterfaceOrientationLandscapeRight UIInterfaceOrientationPortrait UIInterfaceOrientationPortraitUpsideDown";
				IPHONEOS_DEPLOYMENT_TARGET = 16.4;
				LD_RUNPATH_SEARCH_PATHS = (
					"$(inherited)",
					"@executable_path/Frameworks",
				);
				MARKETING_VERSION = 1.0;
				PRODUCT_BUNDLE_IDENTIFIER = "asdf.Loyalty-App";
				PRODUCT_NAME = "$(TARGET_NAME)";
				SWIFT_EMIT_LOC_STRINGS = YES;
				SWIFT_VERSION = 5.0;
				TARGETED_DEVICE_FAMILY = "1,2";
			};
			name = Debug;
		};
		4FCC1A682A91111C00DB57A8 /* Release */ = {
			isa = XCBuildConfiguration;
			buildSettings = {
				ASSETCATALOG_COMPILER_APPICON_NAME = AppIcon;
				ASSETCATALOG_COMPILER_GLOBAL_ACCENT_COLOR_NAME = AccentColor;
				CODE_SIGN_STYLE = Automatic;
				CURRENT_PROJECT_VERSION = 1;
				DEVELOPMENT_ASSET_PATHS = "\"Loyalty App/Preview Content\"";
				DEVELOPMENT_TEAM = BQ55AJ4968;
				ENABLE_PREVIEWS = YES;
				GENERATE_INFOPLIST_FILE = YES;
				INFOPLIST_KEY_LSApplicationCategoryType = "public.app-category.food-and-drink";
				INFOPLIST_KEY_NSCameraUsageDescription = "Camera needed to scan QR codes to add stamps and redeem free drinks";
				INFOPLIST_KEY_UIApplicationSceneManifest_Generation = YES;
				INFOPLIST_KEY_UIApplicationSupportsIndirectInputEvents = YES;
				INFOPLIST_KEY_UILaunchScreen_Generation = YES;
				INFOPLIST_KEY_UISupportedInterfaceOrientations = "UIInterfaceOrientationLandscapeLeft UIInterfaceOrientationLandscapeRight UIInterfaceOrientationPortrait UIInterfaceOrientationPortraitUpsideDown";
				IPHONEOS_DEPLOYMENT_TARGET = 16.4;
				LD_RUNPATH_SEARCH_PATHS = (
					"$(inherited)",
					"@executable_path/Frameworks",
				);
				MARKETING_VERSION = 1.0;
				PRODUCT_BUNDLE_IDENTIFIER = "asdf.Loyalty-App";
				PRODUCT_NAME = "$(TARGET_NAME)";
				SWIFT_EMIT_LOC_STRINGS = YES;
				SWIFT_VERSION = 5.0;
				TARGETED_DEVICE_FAMILY = "1,2";
			};
			name = Release;
		};
/* End XCBuildConfiguration section */

/* Begin XCConfigurationList section */
		4FCC1A532A91111A00DB57A8 /* Build configuration list for PBXProject "Loyalty App" */ = {
			isa = XCConfigurationList;
			buildConfigurations = (
				4FCC1A642A91111C00DB57A8 /* Debug */,
				4FCC1A652A91111C00DB57A8 /* Release */,
			);
			defaultConfigurationIsVisible = 0;
			defaultConfigurationName = Release;
		};
		4FCC1A662A91111C00DB57A8 /* Build configuration list for PBXNativeTarget "Loyalty App" */ = {
			isa = XCConfigurationList;
			buildConfigurations = (
				4FCC1A672A91111C00DB57A8 /* Debug */,
				4FCC1A682A91111C00DB57A8 /* Release */,
			);
			defaultConfigurationIsVisible = 0;
			defaultConfigurationName = Release;
		};
/* End XCConfigurationList section */
	};
	rootObject = 4FCC1A502A91111A00DB57A8 /* Project object */;
}
